// !$*UTF8*$!
{
	archiveVersion = 1;
	classes = {
	};
	objectVersion = 50;
	objects = {

/* Begin PBXBuildFile section */
		48D249EF3AA492B6A4859620 /* Pods_NewsApplication.framework in Frameworks */ = {isa = PBXBuildFile; fileRef = BE81922B497D81613CEE980C /* Pods_NewsApplication.framework */; };
		8767343822D5DFF100342DF4 /* AppDelegate.swift in Sources */ = {isa = PBXBuildFile; fileRef = 8767343722D5DFF100342DF4 /* AppDelegate.swift */; };
		8767343A22D5DFF100342DF4 /* LogoutViewController.swift in Sources */ = {isa = PBXBuildFile; fileRef = 8767343922D5DFF100342DF4 /* LogoutViewController.swift */; };
		8767343D22D5DFF100342DF4 /* Main.storyboard in Resources */ = {isa = PBXBuildFile; fileRef = 8767343B22D5DFF100342DF4 /* Main.storyboard */; };
		8767343F22D5DFF100342DF4 /* Assets.xcassets in Resources */ = {isa = PBXBuildFile; fileRef = 8767343E22D5DFF100342DF4 /* Assets.xcassets */; };
		8767344222D5DFF100342DF4 /* LaunchScreen.storyboard in Resources */ = {isa = PBXBuildFile; fileRef = 8767344022D5DFF100342DF4 /* LaunchScreen.storyboard */; };
		8767344A22D5E12C00342DF4 /* MenuViewController.swift in Sources */ = {isa = PBXBuildFile; fileRef = 8767344922D5E12C00342DF4 /* MenuViewController.swift */; };
		8767344E22D5E7C600342DF4 /* TransitionClass.swift in Sources */ = {isa = PBXBuildFile; fileRef = 8767344D22D5E7C600342DF4 /* TransitionClass.swift */; };
		8767345222D5F67500342DF4 /* SubsViewController.swift in Sources */ = {isa = PBXBuildFile; fileRef = 8767345122D5F67500342DF4 /* SubsViewController.swift */; };
		8767345422D5FE4100342DF4 /* LinksViewController.swift in Sources */ = {isa = PBXBuildFile; fileRef = 8767345322D5FE4100342DF4 /* LinksViewController.swift */; };
		8767345622D6031200342DF4 /* WeatherViewController.swift in Sources */ = {isa = PBXBuildFile; fileRef = 8767345522D6031200342DF4 /* WeatherViewController.swift */; };
		8767345822D6032600342DF4 /* ProfileViewController.swift in Sources */ = {isa = PBXBuildFile; fileRef = 8767345722D6032600342DF4 /* ProfileViewController.swift */; };
		8767345A22D6071100342DF4 /* Extension.swift in Sources */ = {isa = PBXBuildFile; fileRef = 8767345922D6071100342DF4 /* Extension.swift */; };
		8767345C22D608D600342DF4 /* MethodForTransition.swift in Sources */ = {isa = PBXBuildFile; fileRef = 8767345B22D608D600342DF4 /* MethodForTransition.swift */; };
		8767346422D653F800342DF4 /* NewsFeedController.swift in Sources */ = {isa = PBXBuildFile; fileRef = 8767346322D653F800342DF4 /* NewsFeedController.swift */; };
		8767346622D6540C00342DF4 /* NewsFeedCell.swift in Sources */ = {isa = PBXBuildFile; fileRef = 8767346522D6540C00342DF4 /* NewsFeedCell.swift */; };
		8767346B22D659D000342DF4 /* DescriptionViewController.swift in Sources */ = {isa = PBXBuildFile; fileRef = 8767346A22D659D000342DF4 /* DescriptionViewController.swift */; };
/* End PBXBuildFile section */

/* Begin PBXFileReference section */
		47B5B4BECAD6EFDBC2B53962 /* Pods-NewsApplication.debug.xcconfig */ = {isa = PBXFileReference; includeInIndex = 1; lastKnownFileType = text.xcconfig; name = "Pods-NewsApplication.debug.xcconfig"; path = "Target Support Files/Pods-NewsApplication/Pods-NewsApplication.debug.xcconfig"; sourceTree = "<group>"; };
		8767343422D5DFF100342DF4 /* NewsApplication.app */ = {isa = PBXFileReference; explicitFileType = wrapper.application; includeInIndex = 0; path = NewsApplication.app; sourceTree = BUILT_PRODUCTS_DIR; };
		8767343722D5DFF100342DF4 /* AppDelegate.swift */ = {isa = PBXFileReference; lastKnownFileType = sourcecode.swift; path = AppDelegate.swift; sourceTree = "<group>"; };
		8767343922D5DFF100342DF4 /* LogoutViewController.swift */ = {isa = PBXFileReference; lastKnownFileType = sourcecode.swift; path = LogoutViewController.swift; sourceTree = "<group>"; };
		8767343C22D5DFF100342DF4 /* Base */ = {isa = PBXFileReference; lastKnownFileType = file.storyboard; name = Base; path = Base.lproj/Main.storyboard; sourceTree = "<group>"; };
		8767343E22D5DFF100342DF4 /* Assets.xcassets */ = {isa = PBXFileReference; lastKnownFileType = folder.assetcatalog; path = Assets.xcassets; sourceTree = "<group>"; };
		8767344122D5DFF100342DF4 /* Base */ = {isa = PBXFileReference; lastKnownFileType = file.storyboard; name = Base; path = Base.lproj/LaunchScreen.storyboard; sourceTree = "<group>"; };
		8767344322D5DFF100342DF4 /* Info.plist */ = {isa = PBXFileReference; lastKnownFileType = text.plist.xml; path = Info.plist; sourceTree = "<group>"; };
		8767344922D5E12C00342DF4 /* MenuViewController.swift */ = {isa = PBXFileReference; lastKnownFileType = sourcecode.swift; path = MenuViewController.swift; sourceTree = "<group>"; };
		8767344D22D5E7C600342DF4 /* TransitionClass.swift */ = {isa = PBXFileReference; lastKnownFileType = sourcecode.swift; path = TransitionClass.swift; sourceTree = "<group>"; };
		8767345122D5F67500342DF4 /* SubsViewController.swift */ = {isa = PBXFileReference; lastKnownFileType = sourcecode.swift; path = SubsViewController.swift; sourceTree = "<group>"; };
		8767345322D5FE4100342DF4 /* LinksViewController.swift */ = {isa = PBXFileReference; lastKnownFileType = sourcecode.swift; path = LinksViewController.swift; sourceTree = "<group>"; };
		8767345522D6031200342DF4 /* WeatherViewController.swift */ = {isa = PBXFileReference; lastKnownFileType = sourcecode.swift; path = WeatherViewController.swift; sourceTree = "<group>"; };
		8767345722D6032600342DF4 /* ProfileViewController.swift */ = {isa = PBXFileReference; lastKnownFileType = sourcecode.swift; path = ProfileViewController.swift; sourceTree = "<group>"; };
		8767345922D6071100342DF4 /* Extension.swift */ = {isa = PBXFileReference; lastKnownFileType = sourcecode.swift; path = Extension.swift; sourceTree = "<group>"; };
		8767345B22D608D600342DF4 /* MethodForTransition.swift */ = {isa = PBXFileReference; lastKnownFileType = sourcecode.swift; path = MethodForTransition.swift; sourceTree = "<group>"; };
		8767346322D653F800342DF4 /* NewsFeedController.swift */ = {isa = PBXFileReference; lastKnownFileType = sourcecode.swift; path = NewsFeedController.swift; sourceTree = "<group>"; };
		8767346522D6540C00342DF4 /* NewsFeedCell.swift */ = {isa = PBXFileReference; lastKnownFileType = sourcecode.swift; path = NewsFeedCell.swift; sourceTree = "<group>"; };
		8767346A22D659D000342DF4 /* DescriptionViewController.swift */ = {isa = PBXFileReference; lastKnownFileType = sourcecode.swift; path = DescriptionViewController.swift; sourceTree = "<group>"; };
		BE81922B497D81613CEE980C /* Pods_NewsApplication.framework */ = {isa = PBXFileReference; explicitFileType = wrapper.framework; includeInIndex = 0; path = Pods_NewsApplication.framework; sourceTree = BUILT_PRODUCTS_DIR; };
		DF71DE1EE1F87E68BEF2E505 /* Pods-NewsApplication.release.xcconfig */ = {isa = PBXFileReference; includeInIndex = 1; lastKnownFileType = text.xcconfig; name = "Pods-NewsApplication.release.xcconfig"; path = "Target Support Files/Pods-NewsApplication/Pods-NewsApplication.release.xcconfig"; sourceTree = "<group>"; };
/* End PBXFileReference section */

/* Begin PBXFrameworksBuildPhase section */
		8767343122D5DFF100342DF4 /* Frameworks */ = {
			isa = PBXFrameworksBuildPhase;
			buildActionMask = 2147483647;
			files = (
				48D249EF3AA492B6A4859620 /* Pods_NewsApplication.framework in Frameworks */,
			);
			runOnlyForDeploymentPostprocessing = 0;
		};
/* End PBXFrameworksBuildPhase section */

/* Begin PBXGroup section */
		512A10BC5D2216112C929B2E /* Pods */ = {
			isa = PBXGroup;
			children = (
				47B5B4BECAD6EFDBC2B53962 /* Pods-NewsApplication.debug.xcconfig */,
				DF71DE1EE1F87E68BEF2E505 /* Pods-NewsApplication.release.xcconfig */,
			);
			path = Pods;
			sourceTree = "<group>";
		};
		8767342B22D5DFF100342DF4 = {
			isa = PBXGroup;
			children = (
				8767343622D5DFF100342DF4 /* NewsApplication */,
				8767343522D5DFF100342DF4 /* Products */,
				512A10BC5D2216112C929B2E /* Pods */,
				C38A9997A9402EAB2959033B /* Frameworks */,
			);
			sourceTree = "<group>";
		};
		8767343522D5DFF100342DF4 /* Products */ = {
			isa = PBXGroup;
			children = (
				8767343422D5DFF100342DF4 /* NewsApplication.app */,
			);
			name = Products;
			sourceTree = "<group>";
		};
		8767343622D5DFF100342DF4 /* NewsApplication */ = {
			isa = PBXGroup;
			children = (
				8767343722D5DFF100342DF4 /* AppDelegate.swift */,
				8767345122D5F67500342DF4 /* SubsViewController.swift */,
				8767345322D5FE4100342DF4 /* LinksViewController.swift */,
				8767345522D6031200342DF4 /* WeatherViewController.swift */,
				8767345722D6032600342DF4 /* ProfileViewController.swift */,
				8767343922D5DFF100342DF4 /* LogoutViewController.swift */,
				8767345D22D6107A00342DF4 /* SettingsForSideMenu */,
				8767345E22D6236E00342DF4 /* TableViewForNews */,
				8767343B22D5DFF100342DF4 /* Main.storyboard */,
				8767343E22D5DFF100342DF4 /* Assets.xcassets */,
				8767344022D5DFF100342DF4 /* LaunchScreen.storyboard */,
				8767344322D5DFF100342DF4 /* Info.plist */,
			);
			path = NewsApplication;
			sourceTree = "<group>";
		};
		8767345D22D6107A00342DF4 /* SettingsForSideMenu */ = {
			isa = PBXGroup;
			children = (
				8767344922D5E12C00342DF4 /* MenuViewController.swift */,
				8767345922D6071100342DF4 /* Extension.swift */,
				8767345B22D608D600342DF4 /* MethodForTransition.swift */,
				8767344D22D5E7C600342DF4 /* TransitionClass.swift */,
			);
			path = SettingsForSideMenu;
			sourceTree = "<group>";
		};
		8767345E22D6236E00342DF4 /* TableViewForNews */ = {
			isa = PBXGroup;
			children = (
				8767346722D658F900342DF4 /* Feed */,
				8767346922D6596200342DF4 /* DetailedScreen */,
			);
			path = TableViewForNews;
			sourceTree = "<group>";
		};
		8767346722D658F900342DF4 /* Feed */ = {
			isa = PBXGroup;
			children = (
				8767346322D653F800342DF4 /* NewsFeedController.swift */,
				8767346522D6540C00342DF4 /* NewsFeedCell.swift */,
			);
			path = Feed;
			sourceTree = "<group>";
		};
		8767346922D6596200342DF4 /* DetailedScreen */ = {
			isa = PBXGroup;
			children = (
				8767346A22D659D000342DF4 /* DescriptionViewController.swift */,
			);
			path = DetailedScreen;
			sourceTree = "<group>";
		};
		C38A9997A9402EAB2959033B /* Frameworks */ = {
			isa = PBXGroup;
			children = (
				BE81922B497D81613CEE980C /* Pods_NewsApplication.framework */,
			);
			name = Frameworks;
			sourceTree = "<group>";
		};
/* End PBXGroup section */

/* Begin PBXNativeTarget section */
		8767343322D5DFF100342DF4 /* NewsApplication */ = {
			isa = PBXNativeTarget;
			buildConfigurationList = 8767344622D5DFF100342DF4 /* Build configuration list for PBXNativeTarget "NewsApplication" */;
			buildPhases = (
				E9DC642D4724AAA2B8C1F24E /* [CP] Check Pods Manifest.lock */,
				8767343022D5DFF100342DF4 /* Sources */,
				8767343122D5DFF100342DF4 /* Frameworks */,
				8767343222D5DFF100342DF4 /* Resources */,
				4CF043B9F0B32FBE73465C47 /* [CP] Embed Pods Frameworks */,
			);
			buildRules = (
			);
			dependencies = (
			);
			name = NewsApplication;
			productName = NewsApplication;
			productReference = 8767343422D5DFF100342DF4 /* NewsApplication.app */;
			productType = "com.apple.product-type.application";
		};
/* End PBXNativeTarget section */

/* Begin PBXProject section */
		8767342C22D5DFF100342DF4 /* Project object */ = {
			isa = PBXProject;
			attributes = {
				LastSwiftUpdateCheck = 1020;
				LastUpgradeCheck = 1020;
				ORGANIZATIONNAME = Vladyslav;
				TargetAttributes = {
					8767343322D5DFF100342DF4 = {
						CreatedOnToolsVersion = 10.2.1;
					};
				};
			};
			buildConfigurationList = 8767342F22D5DFF100342DF4 /* Build configuration list for PBXProject "NewsApplication" */;
			compatibilityVersion = "Xcode 9.3";
			developmentRegion = en;
			hasScannedForEncodings = 0;
			knownRegions = (
				en,
				Base,
			);
			mainGroup = 8767342B22D5DFF100342DF4;
			productRefGroup = 8767343522D5DFF100342DF4 /* Products */;
			projectDirPath = "";
			projectRoot = "";
			targets = (
				8767343322D5DFF100342DF4 /* NewsApplication */,
			);
		};
/* End PBXProject section */

/* Begin PBXResourcesBuildPhase section */
		8767343222D5DFF100342DF4 /* Resources */ = {
			isa = PBXResourcesBuildPhase;
			buildActionMask = 2147483647;
			files = (
				8767344222D5DFF100342DF4 /* LaunchScreen.storyboard in Resources */,
				8767343F22D5DFF100342DF4 /* Assets.xcassets in Resources */,
				8767343D22D5DFF100342DF4 /* Main.storyboard in Resources */,
			);
			runOnlyForDeploymentPostprocessing = 0;
		};
/* End PBXResourcesBuildPhase section */

/* Begin PBXShellScriptBuildPhase section */
		4CF043B9F0B32FBE73465C47 /* [CP] Embed Pods Frameworks */ = {
			isa = PBXShellScriptBuildPhase;
			buildActionMask = 2147483647;
			files = (
			);
			inputFileListPaths = (
			);
			inputPaths = (
				"${PODS_ROOT}/Target Support Files/Pods-NewsApplication/Pods-NewsApplication-frameworks.sh",
				"${BUILT_PRODUCTS_DIR}/Alamofire/Alamofire.framework",
				"${BUILT_PRODUCTS_DIR}/SwiftyJSON/SwiftyJSON.framework",
			);
			name = "[CP] Embed Pods Frameworks";
			outputFileListPaths = (
			);
			outputPaths = (
				"${TARGET_BUILD_DIR}/${FRAMEWORKS_FOLDER_PATH}/Alamofire.framework",
				"${TARGET_BUILD_DIR}/${FRAMEWORKS_FOLDER_PATH}/SwiftyJSON.framework",
			);
			runOnlyForDeploymentPostprocessing = 0;
			shellPath = /bin/sh;
			shellScript = "\"${PODS_ROOT}/Target Support Files/Pods-NewsApplication/Pods-NewsApplication-frameworks.sh\"\n";
			showEnvVarsInLog = 0;
		};
		E9DC642D4724AAA2B8C1F24E /* [CP] Check Pods Manifest.lock */ = {
			isa = PBXShellScriptBuildPhase;
			buildActionMask = 2147483647;
			files = (
			);
			inputFileListPaths = (
			);
			inputPaths = (
				"${PODS_PODFILE_DIR_PATH}/Podfile.lock",
				"${PODS_ROOT}/Manifest.lock",
			);
			name = "[CP] Check Pods Manifest.lock";
			outputFileListPaths = (
			);
			outputPaths = (
				"$(DERIVED_FILE_DIR)/Pods-NewsApplication-checkManifestLockResult.txt",
			);
			runOnlyForDeploymentPostprocessing = 0;
			shellPath = /bin/sh;
			shellScript = "diff \"${PODS_PODFILE_DIR_PATH}/Podfile.lock\" \"${PODS_ROOT}/Manifest.lock\" > /dev/null\nif [ $? != 0 ] ; then\n    # print error to STDERR\n    echo \"error: The sandbox is not in sync with the Podfile.lock. Run 'pod install' or update your CocoaPods installation.\" >&2\n    exit 1\nfi\n# This output is used by Xcode 'outputs' to avoid re-running this script phase.\necho \"SUCCESS\" > \"${SCRIPT_OUTPUT_FILE_0}\"\n";
			showEnvVarsInLog = 0;
		};
/* End PBXShellScriptBuildPhase section */

/* Begin PBXSourcesBuildPhase section */
		8767343022D5DFF100342DF4 /* Sources */ = {
			isa = PBXSourcesBuildPhase;
			buildActionMask = 2147483647;
			files = (
				8767345A22D6071100342DF4 /* Extension.swift in Sources */,
				8767343A22D5DFF100342DF4 /* LogoutViewController.swift in Sources */,
				8767346B22D659D000342DF4 /* DescriptionViewController.swift in Sources */,
				8767344E22D5E7C600342DF4 /* TransitionClass.swift in Sources */,
				8767346622D6540C00342DF4 /* NewsFeedCell.swift in Sources */,
				8767345C22D608D600342DF4 /* MethodForTransition.swift in Sources */,
				8767344A22D5E12C00342DF4 /* MenuViewController.swift in Sources */,
				8767345222D5F67500342DF4 /* SubsViewController.swift in Sources */,
				8767345622D6031200342DF4 /* WeatherViewController.swift in Sources */,
				8767345422D5FE4100342DF4 /* LinksViewController.swift in Sources */,
				8767345822D6032600342DF4 /* ProfileViewController.swift in Sources */,
				8767343822D5DFF100342DF4 /* AppDelegate.swift in Sources */,
				8767346422D653F800342DF4 /* NewsFeedController.swift in Sources */,
			);
			runOnlyForDeploymentPostprocessing = 0;
		};
/* End PBXSourcesBuildPhase section */

/* Begin PBXVariantGroup section */
		8767343B22D5DFF100342DF4 /* Main.storyboard */ = {
			isa = PBXVariantGroup;
			children = (
				8767343C22D5DFF100342DF4 /* Base */,
			);
			name = Main.storyboard;
			sourceTree = "<group>";
		};
		8767344022D5DFF100342DF4 /* LaunchScreen.storyboard */ = {
			isa = PBXVariantGroup;
			children = (
				8767344122D5DFF100342DF4 /* Base */,
			);
			name = LaunchScreen.storyboard;
			sourceTree = "<group>";
		};
/* End PBXVariantGroup section */

/* Begin XCBuildConfiguration section */
		8767344422D5DFF100342DF4 /* Debug */ = {
			isa = XCBuildConfiguration;
			buildSettings = {
				ALWAYS_SEARCH_USER_PATHS = NO;
				CLANG_ANALYZER_NONNULL = YES;
				CLANG_ANALYZER_NUMBER_OBJECT_CONVERSION = YES_AGGRESSIVE;
				CLANG_CXX_LANGUAGE_STANDARD = "gnu++14";
				CLANG_CXX_LIBRARY = "libc++";
				CLANG_ENABLE_MODULES = YES;
				CLANG_ENABLE_OBJC_ARC = YES;
				CLANG_ENABLE_OBJC_WEAK = YES;
				CLANG_WARN_BLOCK_CAPTURE_AUTORELEASING = YES;
				CLANG_WARN_BOOL_CONVERSION = YES;
				CLANG_WARN_COMMA = YES;
				CLANG_WARN_CONSTANT_CONVERSION = YES;
				CLANG_WARN_DEPRECATED_OBJC_IMPLEMENTATIONS = YES;
				CLANG_WARN_DIRECT_OBJC_ISA_USAGE = YES_ERROR;
				CLANG_WARN_DOCUMENTATION_COMMENTS = YES;
				CLANG_WARN_EMPTY_BODY = YES;
				CLANG_WARN_ENUM_CONVERSION = YES;
				CLANG_WARN_INFINITE_RECURSION = YES;
				CLANG_WARN_INT_CONVERSION = YES;
				CLANG_WARN_NON_LITERAL_NULL_CONVERSION = YES;
				CLANG_WARN_OBJC_IMPLICIT_RETAIN_SELF = YES;
				CLANG_WARN_OBJC_LITERAL_CONVERSION = YES;
				CLANG_WARN_OBJC_ROOT_CLASS = YES_ERROR;
				CLANG_WARN_RANGE_LOOP_ANALYSIS = YES;
				CLANG_WARN_STRICT_PROTOTYPES = YES;
				CLANG_WARN_SUSPICIOUS_MOVE = YES;
				CLANG_WARN_UNGUARDED_AVAILABILITY = YES_AGGRESSIVE;
				CLANG_WARN_UNREACHABLE_CODE = YES;
				CLANG_WARN__DUPLICATE_METHOD_MATCH = YES;
				CODE_SIGN_IDENTITY = "iPhone Developer";
				COPY_PHASE_STRIP = NO;
				DEBUG_INFORMATION_FORMAT = dwarf;
				ENABLE_STRICT_OBJC_MSGSEND = YES;
				ENABLE_TESTABILITY = YES;
				GCC_C_LANGUAGE_STANDARD = gnu11;
				GCC_DYNAMIC_NO_PIC = NO;
				GCC_NO_COMMON_BLOCKS = YES;
				GCC_OPTIMIZATION_LEVEL = 0;
				GCC_PREPROCESSOR_DEFINITIONS = (
					"DEBUG=1",
					"$(inherited)",
				);
				GCC_WARN_64_TO_32_BIT_CONVERSION = YES;
				GCC_WARN_ABOUT_RETURN_TYPE = YES_ERROR;
				GCC_WARN_UNDECLARED_SELECTOR = YES;
				GCC_WARN_UNINITIALIZED_AUTOS = YES_AGGRESSIVE;
				GCC_WARN_UNUSED_FUNCTION = YES;
				GCC_WARN_UNUSED_VARIABLE = YES;
				IPHONEOS_DEPLOYMENT_TARGET = 12.2;
				MTL_ENABLE_DEBUG_INFO = INCLUDE_SOURCE;
				MTL_FAST_MATH = YES;
				ONLY_ACTIVE_ARCH = YES;
				SDKROOT = iphoneos;
				SWIFT_ACTIVE_COMPILATION_CONDITIONS = DEBUG;
				SWIFT_OPTIMIZATION_LEVEL = "-Onone";
			};
			name = Debug;
		};
		8767344522D5DFF100342DF4 /* Release */ = {
			isa = XCBuildConfiguration;
			buildSettings = {
				ALWAYS_SEARCH_USER_PATHS = NO;
				CLANG_ANALYZER_NONNULL = YES;
				CLANG_ANALYZER_NUMBER_OBJECT_CONVERSION = YES_AGGRESSIVE;
				CLANG_CXX_LANGUAGE_STANDARD = "gnu++14";
				CLANG_CXX_LIBRARY = "libc++";
				CLANG_ENABLE_MODULES = YES;
				CLANG_ENABLE_OBJC_ARC = YES;
				CLANG_ENABLE_OBJC_WEAK = YES;
				CLANG_WARN_BLOCK_CAPTURE_AUTORELEASING = YES;
				CLANG_WARN_BOOL_CONVERSION = YES;
				CLANG_WARN_COMMA = YES;
				CLANG_WARN_CONSTANT_CONVERSION = YES;
				CLANG_WARN_DEPRECATED_OBJC_IMPLEMENTATIONS = YES;
				CLANG_WARN_DIRECT_OBJC_ISA_USAGE = YES_ERROR;
				CLANG_WARN_DOCUMENTATION_COMMENTS = YES;
				CLANG_WARN_EMPTY_BODY = YES;
				CLANG_WARN_ENUM_CONVERSION = YES;
				CLANG_WARN_INFINITE_RECURSION = YES;
				CLANG_WARN_INT_CONVERSION = YES;
				CLANG_WARN_NON_LITERAL_NULL_CONVERSION = YES;
				CLANG_WARN_OBJC_IMPLICIT_RETAIN_SELF = YES;
				CLANG_WARN_OBJC_LITERAL_CONVERSION = YES;
				CLANG_WARN_OBJC_ROOT_CLASS = YES_ERROR;
				CLANG_WARN_RANGE_LOOP_ANALYSIS = YES;
				CLANG_WARN_STRICT_PROTOTYPES = YES;
				CLANG_WARN_SUSPICIOUS_MOVE = YES;
				CLANG_WARN_UNGUARDED_AVAILABILITY = YES_AGGRESSIVE;
				CLANG_WARN_UNREACHABLE_CODE = YES;
				CLANG_WARN__DUPLICATE_METHOD_MATCH = YES;
				CODE_SIGN_IDENTITY = "iPhone Developer";
				COPY_PHASE_STRIP = NO;
				DEBUG_INFORMATION_FORMAT = "dwarf-with-dsym";
				ENABLE_NS_ASSERTIONS = NO;
				ENABLE_STRICT_OBJC_MSGSEND = YES;
				GCC_C_LANGUAGE_STANDARD = gnu11;
				GCC_NO_COMMON_BLOCKS = YES;
				GCC_WARN_64_TO_32_BIT_CONVERSION = YES;
				GCC_WARN_ABOUT_RETURN_TYPE = YES_ERROR;
				GCC_WARN_UNDECLARED_SELECTOR = YES;
				GCC_WARN_UNINITIALIZED_AUTOS = YES_AGGRESSIVE;
				GCC_WARN_UNUSED_FUNCTION = YES;
				GCC_WARN_UNUSED_VARIABLE = YES;
				IPHONEOS_DEPLOYMENT_TARGET = 12.2;
				MTL_ENABLE_DEBUG_INFO = NO;
				MTL_FAST_MATH = YES;
				SDKROOT = iphoneos;
				SWIFT_COMPILATION_MODE = wholemodule;
				SWIFT_OPTIMIZATION_LEVEL = "-O";
				VALIDATE_PRODUCT = YES;
			};
			name = Release;
		};
		8767344722D5DFF100342DF4 /* Debug */ = {
			isa = XCBuildConfiguration;
			baseConfigurationReference = 47B5B4BECAD6EFDBC2B53962 /* Pods-NewsApplication.debug.xcconfig */;
			buildSettings = {
				ASSETCATALOG_COMPILER_APPICON_NAME = AppIcon;
				CODE_SIGN_STYLE = Automatic;
				DEVELOPMENT_TEAM = NPKFXPUGZ6;
				INFOPLIST_FILE = NewsApplication/Info.plist;
				LD_RUNPATH_SEARCH_PATHS = (
					"$(inherited)",
					"@executable_path/Frameworks",
				);
				PRODUCT_BUNDLE_IDENTIFIER = companyVV.NewsApplication;
				PRODUCT_NAME = "$(TARGET_NAME)";
				SWIFT_VERSION = 5.0;
				TARGETED_DEVICE_FAMILY = "1,2";
			};
			name = Debug;
		};
		8767344822D5DFF100342DF4 /* Release */ = {
			isa = XCBuildConfiguration;
			baseConfigurationReference = DF71DE1EE1F87E68BEF2E505 /* Pods-NewsApplication.release.xcconfig */;
			buildSettings = {
				ASSETCATALOG_COMPILER_APPICON_NAME = AppIcon;
				CODE_SIGN_STYLE = Automatic;
				DEVELOPMENT_TEAM = NPKFXPUGZ6;
				INFOPLIST_FILE = NewsApplication/Info.plist;
				LD_RUNPATH_SEARCH_PATHS = (
					"$(inherited)",
					"@executable_path/Frameworks",
				);
				PRODUCT_BUNDLE_IDENTIFIER = companyVV.NewsApplication;
				PRODUCT_NAME = "$(TARGET_NAME)";
				SWIFT_VERSION = 5.0;
				TARGETED_DEVICE_FAMILY = "1,2";
			};
			name = Release;
		};
/* End XCBuildConfiguration section */

/* Begin XCConfigurationList section */
		8767342F22D5DFF100342DF4 /* Build configuration list for PBXProject "NewsApplication" */ = {
			isa = XCConfigurationList;
			buildConfigurations = (
				8767344422D5DFF100342DF4 /* Debug */,
				8767344522D5DFF100342DF4 /* Release */,
			);
			defaultConfigurationIsVisible = 0;
			defaultConfigurationName = Release;
		};
		8767344622D5DFF100342DF4 /* Build configuration list for PBXNativeTarget "NewsApplication" */ = {
			isa = XCConfigurationList;
			buildConfigurations = (
				8767344722D5DFF100342DF4 /* Debug */,
				8767344822D5DFF100342DF4 /* Release */,
			);
			defaultConfigurationIsVisible = 0;
			defaultConfigurationName = Release;
		};
/* End XCConfigurationList section */
	};
	rootObject = 8767342C22D5DFF100342DF4 /* Project object */;
}
